
Microsoft Visual Studio Solution File, Format Version 12.00
# Visual Studio 14
VisualStudioVersion = 14.0.23107.0
MinimumVisualStudioVersion = 10.0.40219.1
Project("{F2A71F9B-5D33-465A-A702-920D77279786}") = "PiouPiouImplementation", "PiouPiouImplementation\PiouPiouImplementation.fsproj", "{0EF47B6F-512D-4122-B0D4-7D948F848651}"
	ProjectSection(ProjectDependencies) = postProject
		{83FEF854-CC57-4199-B7FD-2061CB254195} = {83FEF854-CC57-4199-B7FD-2061CB254195}
	EndProjectSection
EndProject
Project("{F2A71F9B-5D33-465A-A702-920D77279786}") = "PiouPiouTest", "PiouPiouTest\PiouPiouTest.fsproj", "{684482E3-964C-4164-AA1E-2AC7D7AD64C5}"
	ProjectSection(ProjectDependencies) = postProject
		{83FEF854-CC57-4199-B7FD-2061CB254195} = {83FEF854-CC57-4199-B7FD-2061CB254195}
	EndProjectSection
EndProject
Project("{F2A71F9B-5D33-465A-A702-920D77279786}") = "PiouPiouConsoleUi", "PiouPiouConsoleUi\PiouPiouConsoleUi.fsproj", "{16E2DBC2-8BA2-485E-BEAD-FC81353711CE}"
	ProjectSection(ProjectDependencies) = postProject
		{83FEF854-CC57-4199-B7FD-2061CB254195} = {83FEF854-CC57-4199-B7FD-2061CB254195}
	EndProjectSection
EndProject
Project("{F2A71F9B-5D33-465A-A702-920D77279786}") = "PiouPiouDomain", "PiouPiouDomain\PiouPiouDomain.fsproj", "{83FEF854-CC57-4199-B7FD-2061CB254195}"
EndProject
Project("{F2A71F9B-5D33-465A-A702-920D77279786}") = "PiouPiouConsole", "PiouPiouConsole\PiouPiouConsole.fsproj", "{60DE66CA-B59F-4BFE-BAC9-E6A73958122F}"
EndProject
Global
	GlobalSection(SolutionConfigurationPlatforms) = preSolution
		Debug|Any CPU = Debug|Any CPU
		Release|Any CPU = Release|Any CPU
	EndGlobalSection
	GlobalSection(ProjectConfigurationPlatforms) = postSolution
		{0EF47B6F-512D-4122-B0D4-7D948F848651}.Debug|Any CPU.ActiveCfg = Debug|Any CPU
		{0EF47B6F-512D-4122-B0D4-7D948F848651}.Debug|Any CPU.Build.0 = Debug|Any CPU
		{0EF47B6F-512D-4122-B0D4-7D948F848651}.Release|Any CPU.ActiveCfg = Release|Any CPU
		{0EF47B6F-512D-4122-B0D4-7D948F848651}.Release|Any CPU.Build.0 = Release|Any CPU
		{684482E3-964C-4164-AA1E-2AC7D7AD64C5}.Debug|Any CPU.ActiveCfg = Debug|Any CPU
		{684482E3-964C-4164-AA1E-2AC7D7AD64C5}.Debug|Any CPU.Build.0 = Debug|Any CPU
		{684482E3-964C-4164-AA1E-2AC7D7AD64C5}.Release|Any CPU.ActiveCfg = Release|Any CPU
		{684482E3-964C-4164-AA1E-2AC7D7AD64C5}.Release|Any CPU.Build.0 = Release|Any CPU
		{16E2DBC2-8BA2-485E-BEAD-FC81353711CE}.Debug|Any CPU.ActiveCfg = Debug|Any CPU
		{16E2DBC2-8BA2-485E-BEAD-FC81353711CE}.Debug|Any CPU.Build.0 = Debug|Any CPU
		{16E2DBC2-8BA2-485E-BEAD-FC81353711CE}.Release|Any CPU.ActiveCfg = Release|Any CPU
		{16E2DBC2-8BA2-485E-BEAD-FC81353711CE}.Release|Any CPU.Build.0 = Release|Any CPU
		{83FEF854-CC57-4199-B7FD-2061CB254195}.Debug|Any CPU.ActiveCfg = Debug|Any CPU
		{83FEF854-CC57-4199-B7FD-2061CB254195}.Debug|Any CPU.Build.0 = Debug|Any CPU
		{83FEF854-CC57-4199-B7FD-2061CB254195}.Release|Any CPU.ActiveCfg = Release|Any CPU
		{83FEF854-CC57-4199-B7FD-2061CB254195}.Release|Any CPU.Build.0 = Release|Any CPU
		{60DE66CA-B59F-4BFE-BAC9-E6A73958122F}.Debug|Any CPU.ActiveCfg = Debug|Any CPU
		{60DE66CA-B59F-4BFE-BAC9-E6A73958122F}.Debug|Any CPU.Build.0 = Debug|Any CPU
		{60DE66CA-B59F-4BFE-BAC9-E6A73958122F}.Release|Any CPU.ActiveCfg = Release|Any CPU
		{60DE66CA-B59F-4BFE-BAC9-E6A73958122F}.Release|Any CPU.Build.0 = Release|Any CPU
	EndGlobalSection
	GlobalSection(SolutionProperties) = preSolution
		HideSolutionNode = FALSE
	EndGlobalSection
EndGlobal
